
Microsoft Visual Studio Solution File, Format Version 12.00
# Visual Studio Version 16
VisualStudioVersion = 16.0.30002.166
MinimumVisualStudioVersion = 10.0.40219.1
Project("{9A19103F-16F7-4668-BE54-9A1E7A4F7556}") = "myeshop.WebApp", "myeshop.WebApp\myeshop.WebApp.csproj", "{9D3C4C31-12A0-45AC-9805-833B28B8E158}"
EndProject
Project("{9A19103F-16F7-4668-BE54-9A1E7A4F7556}") = "myeshop.Data", "myeshop.Data\myeshop.Data.csproj", "{B4BA4D8B-4615-4880-874E-1B48B26322BE}"
EndProject
Project("{9A19103F-16F7-4668-BE54-9A1E7A4F7556}") = "myeshop.Application", "myeshop.Application\myeshop.Application.csproj", "{62B39C37-E8E9-4527-801C-866A39EEF3AF}"
EndProject
Project("{9A19103F-16F7-4668-BE54-9A1E7A4F7556}") = "myeShop.BackendApi", "myeShop.BackendApi\myeShop.BackendApi.csproj", "{EE2104DF-6AF9-4B20-8B8F-2F1BE63AE578}"
EndProject
Project("{9A19103F-16F7-4668-BE54-9A1E7A4F7556}") = "myeShop.Utilities", "myeShop.Utilities\myeShop.Utilities.csproj", "{547AC791-9B5B-4218-B75B-AB1DBFDC0E3A}"
EndProject
Project("{9A19103F-16F7-4668-BE54-9A1E7A4F7556}") = "myeShop.ViewModels", "myeShop.ViewModels\myeShop.ViewModels.csproj", "{065B2CC7-FBFC-4605-8A2F-0BFB706CBDC2}"
EndProject
Project("{FAE04EC0-301F-11D3-BF4B-00C04F79EFBC}") = "myeshop.AdminApp", "myeshop.AdminApp\myeshop.AdminApp.csproj", "{65068706-F881-49E2-815D-7776174FBE7C}"
EndProject
Global
	GlobalSection(SolutionConfigurationPlatforms) = preSolution
		Debug|Any CPU = Debug|Any CPU
		Release|Any CPU = Release|Any CPU
	EndGlobalSection
	GlobalSection(ProjectConfigurationPlatforms) = postSolution
		{9D3C4C31-12A0-45AC-9805-833B28B8E158}.Debug|Any CPU.ActiveCfg = Debug|Any CPU
		{9D3C4C31-12A0-45AC-9805-833B28B8E158}.Debug|Any CPU.Build.0 = Debug|Any CPU
		{9D3C4C31-12A0-45AC-9805-833B28B8E158}.Release|Any CPU.ActiveCfg = Release|Any CPU
		{9D3C4C31-12A0-45AC-9805-833B28B8E158}.Release|Any CPU.Build.0 = Release|Any CPU
		{B4BA4D8B-4615-4880-874E-1B48B26322BE}.Debug|Any CPU.ActiveCfg = Debug|Any CPU
		{B4BA4D8B-4615-4880-874E-1B48B26322BE}.Debug|Any CPU.Build.0 = Debug|Any CPU
		{B4BA4D8B-4615-4880-874E-1B48B26322BE}.Release|Any CPU.ActiveCfg = Release|Any CPU
		{B4BA4D8B-4615-4880-874E-1B48B26322BE}.Release|Any CPU.Build.0 = Release|Any CPU
		{62B39C37-E8E9-4527-801C-866A39EEF3AF}.Debug|Any CPU.ActiveCfg = Debug|Any CPU
		{62B39C37-E8E9-4527-801C-866A39EEF3AF}.Debug|Any CPU.Build.0 = Debug|Any CPU
		{62B39C37-E8E9-4527-801C-866A39EEF3AF}.Release|Any CPU.ActiveCfg = Release|Any CPU
		{62B39C37-E8E9-4527-801C-866A39EEF3AF}.Release|Any CPU.Build.0 = Release|Any CPU
		{EE2104DF-6AF9-4B20-8B8F-2F1BE63AE578}.Debug|Any CPU.ActiveCfg = Debug|Any CPU
		{EE2104DF-6AF9-4B20-8B8F-2F1BE63AE578}.Debug|Any CPU.Build.0 = Debug|Any CPU
		{EE2104DF-6AF9-4B20-8B8F-2F1BE63AE578}.Release|Any CPU.ActiveCfg = Release|Any CPU
		{EE2104DF-6AF9-4B20-8B8F-2F1BE63AE578}.Release|Any CPU.Build.0 = Release|Any CPU
		{547AC791-9B5B-4218-B75B-AB1DBFDC0E3A}.Debug|Any CPU.ActiveCfg = Debug|Any CPU
		{547AC791-9B5B-4218-B75B-AB1DBFDC0E3A}.Debug|Any CPU.Build.0 = Debug|Any CPU
		{547AC791-9B5B-4218-B75B-AB1DBFDC0E3A}.Release|Any CPU.ActiveCfg = Release|Any CPU
		{547AC791-9B5B-4218-B75B-AB1DBFDC0E3A}.Release|Any CPU.Build.0 = Release|Any CPU
		{065B2CC7-FBFC-4605-8A2F-0BFB706CBDC2}.Debug|Any CPU.ActiveCfg = Debug|Any CPU
		{065B2CC7-FBFC-4605-8A2F-0BFB706CBDC2}.Debug|Any CPU.Build.0 = Debug|Any CPU
		{065B2CC7-FBFC-4605-8A2F-0BFB706CBDC2}.Release|Any CPU.ActiveCfg = Release|Any CPU
		{065B2CC7-FBFC-4605-8A2F-0BFB706CBDC2}.Release|Any CPU.Build.0 = Release|Any CPU
		{65068706-F881-49E2-815D-7776174FBE7C}.Debug|Any CPU.ActiveCfg = Debug|Any CPU
		{65068706-F881-49E2-815D-7776174FBE7C}.Debug|Any CPU.Build.0 = Debug|Any CPU
		{65068706-F881-49E2-815D-7776174FBE7C}.Release|Any CPU.ActiveCfg = Release|Any CPU
		{65068706-F881-49E2-815D-7776174FBE7C}.Release|Any CPU.Build.0 = Release|Any CPU
	EndGlobalSection
	GlobalSection(SolutionProperties) = preSolution
		HideSolutionNode = FALSE
	EndGlobalSection
	GlobalSection(ExtensibilityGlobals) = postSolution
		SolutionGuid = {82435C0E-1C4D-4BCE-804E-51210D9D6A62}
	EndGlobalSection
EndGlobal
